
Microsoft Visual Studio Solution File, Format Version 12.00
# Visual Studio 14
VisualStudioVersion = 14.0.25420.1
MinimumVisualStudioVersion = 10.0.40219.1
Project("{FAE04EC0-301F-11D3-BF4B-00C04F79EFBC}") = "nearby_tickets_algorthim", "nearby_tickets_algorithm\nearby_tickets_algorthim.csproj", "{BB610F83-6BA9-4D3C-98BD-869089F525CC}"
EndProject
Global
	GlobalSection(SolutionConfigurationPlatforms) = preSolution
		Debug|Any CPU = Debug|Any CPU
		Release|Any CPU = Release|Any CPU
	EndGlobalSection
	GlobalSection(ProjectConfigurationPlatforms) = postSolution
		{BB610F83-6BA9-4D3C-98BD-869089F525CC}.Debug|Any CPU.ActiveCfg = Debug|Any CPU
		{BB610F83-6BA9-4D3C-98BD-869089F525CC}.Debug|Any CPU.Build.0 = Debug|Any CPU
		{BB610F83-6BA9-4D3C-98BD-869089F525CC}.Release|Any CPU.ActiveCfg = Release|Any CPU
		{BB610F83-6BA9-4D3C-98BD-869089F525CC}.Release|Any CPU.Build.0 = Release|Any CPU
	EndGlobalSection
	GlobalSection(SolutionProperties) = preSolution
		HideSolutionNode = FALSE
	EndGlobalSection
EndGlobal
